
Microsoft Visual Studio Solution File, Format Version 12.00
# Visual Studio Version 16
VisualStudioVersion = 16.0.30717.126
MinimumVisualStudioVersion = 10.0.40219.1
Project("{FAE04EC0-301F-11D3-BF4B-00C04F79EFBC}") = "TypesAndVariables", "TypesAndVariables\TypesAndVariables.csproj", "{CA03EF48-461B-44C7-8B19-CF7C5AA3670A}"
EndProject
Project("{FAE04EC0-301F-11D3-BF4B-00C04F79EFBC}") = "Conditionals", "Conditionals\Conditionals.csproj", "{439BC8D1-4F9F-4521-9D5E-7F1F0CDE3D13}"
EndProject
Project("{FAE04EC0-301F-11D3-BF4B-00C04F79EFBC}") = "Methods", "Methods\Methods.csproj", "{93F663EA-06F9-491A-8099-7480822FDD52}"
EndProject
Project("{FAE04EC0-301F-11D3-BF4B-00C04F79EFBC}") = "Arrays", "Arrays\Arrays.csproj", "{FBDBCAC6-A2F0-4481-88B5-B02A43D7B88F}"
EndProject
Project("{FAE04EC0-301F-11D3-BF4B-00C04F79EFBC}") = "Loops", "Loops\Loops.csproj", "{3A8904D8-8F42-487B-BD13-B739A9A67C3F}"
EndProject
Project("{FAE04EC0-301F-11D3-BF4B-00C04F79EFBC}") = "Example1", "Example1\Example1.csproj", "{35528E89-749F-4254-ADD5-94067FFD28D4}"
EndProject
Project("{FAE04EC0-301F-11D3-BF4B-00C04F79EFBC}") = "Strings", "Strings\Strings.csproj", "{9AC600F5-966B-4F90-9E02-953AA400F17C}"
EndProject
Project("{FAE04EC0-301F-11D3-BF4B-00C04F79EFBC}") = "Classes", "Classes\Classes.csproj", "{32E1B8FB-2DDB-48E6-8CEB-F681C494BC18}"
EndProject
Global
	GlobalSection(SolutionConfigurationPlatforms) = preSolution
		Debug|Any CPU = Debug|Any CPU
		Release|Any CPU = Release|Any CPU
	EndGlobalSection
	GlobalSection(ProjectConfigurationPlatforms) = postSolution
		{CA03EF48-461B-44C7-8B19-CF7C5AA3670A}.Debug|Any CPU.ActiveCfg = Debug|Any CPU
		{CA03EF48-461B-44C7-8B19-CF7C5AA3670A}.Debug|Any CPU.Build.0 = Debug|Any CPU
		{CA03EF48-461B-44C7-8B19-CF7C5AA3670A}.Release|Any CPU.ActiveCfg = Release|Any CPU
		{CA03EF48-461B-44C7-8B19-CF7C5AA3670A}.Release|Any CPU.Build.0 = Release|Any CPU
		{439BC8D1-4F9F-4521-9D5E-7F1F0CDE3D13}.Debug|Any CPU.ActiveCfg = Debug|Any CPU
		{439BC8D1-4F9F-4521-9D5E-7F1F0CDE3D13}.Debug|Any CPU.Build.0 = Debug|Any CPU
		{439BC8D1-4F9F-4521-9D5E-7F1F0CDE3D13}.Release|Any CPU.ActiveCfg = Release|Any CPU
		{439BC8D1-4F9F-4521-9D5E-7F1F0CDE3D13}.Release|Any CPU.Build.0 = Release|Any CPU
		{93F663EA-06F9-491A-8099-7480822FDD52}.Debug|Any CPU.ActiveCfg = Debug|Any CPU
		{93F663EA-06F9-491A-8099-7480822FDD52}.Debug|Any CPU.Build.0 = Debug|Any CPU
		{93F663EA-06F9-491A-8099-7480822FDD52}.Release|Any CPU.ActiveCfg = Release|Any CPU
		{93F663EA-06F9-491A-8099-7480822FDD52}.Release|Any CPU.Build.0 = Release|Any CPU
		{FBDBCAC6-A2F0-4481-88B5-B02A43D7B88F}.Debug|Any CPU.ActiveCfg = Debug|Any CPU
		{FBDBCAC6-A2F0-4481-88B5-B02A43D7B88F}.Debug|Any CPU.Build.0 = Debug|Any CPU
		{FBDBCAC6-A2F0-4481-88B5-B02A43D7B88F}.Release|Any CPU.ActiveCfg = Release|Any CPU
		{FBDBCAC6-A2F0-4481-88B5-B02A43D7B88F}.Release|Any CPU.Build.0 = Release|Any CPU
		{3A8904D8-8F42-487B-BD13-B739A9A67C3F}.Debug|Any CPU.ActiveCfg = Debug|Any CPU
		{3A8904D8-8F42-487B-BD13-B739A9A67C3F}.Debug|Any CPU.Build.0 = Debug|Any CPU
		{3A8904D8-8F42-487B-BD13-B739A9A67C3F}.Release|Any CPU.ActiveCfg = Release|Any CPU
		{3A8904D8-8F42-487B-BD13-B739A9A67C3F}.Release|Any CPU.Build.0 = Release|Any CPU
		{35528E89-749F-4254-ADD5-94067FFD28D4}.Debug|Any CPU.ActiveCfg = Debug|Any CPU
		{35528E89-749F-4254-ADD5-94067FFD28D4}.Debug|Any CPU.Build.0 = Debug|Any CPU
		{35528E89-749F-4254-ADD5-94067FFD28D4}.Release|Any CPU.ActiveCfg = Release|Any CPU
		{35528E89-749F-4254-ADD5-94067FFD28D4}.Release|Any CPU.Build.0 = Release|Any CPU
		{9AC600F5-966B-4F90-9E02-953AA400F17C}.Debug|Any CPU.ActiveCfg = Debug|Any CPU
		{9AC600F5-966B-4F90-9E02-953AA400F17C}.Debug|Any CPU.Build.0 = Debug|Any CPU
		{9AC600F5-966B-4F90-9E02-953AA400F17C}.Release|Any CPU.ActiveCfg = Release|Any CPU
		{9AC600F5-966B-4F90-9E02-953AA400F17C}.Release|Any CPU.Build.0 = Release|Any CPU
		{32E1B8FB-2DDB-48E6-8CEB-F681C494BC18}.Debug|Any CPU.ActiveCfg = Debug|Any CPU
		{32E1B8FB-2DDB-48E6-8CEB-F681C494BC18}.Debug|Any CPU.Build.0 = Debug|Any CPU
		{32E1B8FB-2DDB-48E6-8CEB-F681C494BC18}.Release|Any CPU.ActiveCfg = Release|Any CPU
		{32E1B8FB-2DDB-48E6-8CEB-F681C494BC18}.Release|Any CPU.Build.0 = Release|Any CPU
	EndGlobalSection
	GlobalSection(SolutionProperties) = preSolution
		HideSolutionNode = FALSE
	EndGlobalSection
	GlobalSection(ExtensibilityGlobals) = postSolution
		SolutionGuid = {02DD7178-5C9E-4C82-98A6-CE59077D6CBD}
	EndGlobalSection
EndGlobal
