
Microsoft Visual Studio Solution File, Format Version 12.00
# Visual Studio Version 16
VisualStudioVersion = 16.0.30717.126
MinimumVisualStudioVersion = 10.0.40219.1
Project("{FAE04EC0-301F-11D3-BF4B-00C04F79EFBC}") = "TypesAndVariables", "TypesAndVariables\TypesAndVariables.csproj", "{CA03EF48-461B-44C7-8B19-CF7C5AA3670A}"
EndProject
Project("{FAE04EC0-301F-11D3-BF4B-00C04F79EFBC}") = "Conditionals", "Conditionals\Conditionals.csproj", "{439BC8D1-4F9F-4521-9D5E-7F1F0CDE3D13}"
EndProject
Project("{FAE04EC0-301F-11D3-BF4B-00C04F79EFBC}") = "Methods", "Methods\Methods.csproj", "{93F663EA-06F9-491A-8099-7480822FDD52}"
EndProject
Project("{FAE04EC0-301F-11D3-BF4B-00C04F79EFBC}") = "Arrays", "Arrays\Arrays.csproj", "{FBDBCAC6-A2F0-4481-88B5-B02A43D7B88F}"
EndProject
Project("{FAE04EC0-301F-11D3-BF4B-00C04F79EFBC}") = "Loops", "Loops\Loops.csproj", "{3A8904D8-8F42-487B-BD13-B739A9A67C3F}"
EndProject
Project("{FAE04EC0-301F-11D3-BF4B-00C04F79EFBC}") = "Example1", "Example1\Example1.csproj", "{35528E89-749F-4254-ADD5-94067FFD28D4}"
EndProject
Project("{FAE04EC0-301F-11D3-BF4B-00C04F79EFBC}") = "Strings", "Strings\Strings.csproj", "{9AC600F5-966B-4F90-9E02-953AA400F17C}"
EndProject
Project("{FAE04EC0-301F-11D3-BF4B-00C04F79EFBC}") = "Classes", "Classes\Classes.csproj", "{32E1B8FB-2DDB-48E6-8CEB-F681C494BC18}"
EndProject
Project("{FAE04EC0-301F-11D3-BF4B-00C04F79EFBC}") = "RecapDemo1", "RecapDemo1\RecapDemo1.csproj", "{AFFF632D-E800-44CB-991F-B057D07DDE54}"
EndProject
Project("{FAE04EC0-301F-11D3-BF4B-00C04F79EFBC}") = "Interfaces", "Interfaces\Interfaces.csproj", "{67C687AE-B2CA-4BF9-919E-CB6FB9CE7555}"
EndProject
Project("{FAE04EC0-301F-11D3-BF4B-00C04F79EFBC}") = "InterfacesExample1", "InterfacesExample\InterfacesExample1.csproj", "{82F2B747-B7AB-4007-9ACD-BCE35082F210}"
EndProject
Project("{FAE04EC0-301F-11D3-BF4B-00C04F79EFBC}") = "InterfacesExample2", "InterfacesExample2\InterfacesExample2.csproj", "{493587C8-775A-4AFE-8C8C-D648D534ADC8}"
EndProject
Project("{FAE04EC0-301F-11D3-BF4B-00C04F79EFBC}") = "InterfacesDemo", "InterfacesDemo\InterfacesDemo.csproj", "{EF2B47D1-FF9F-4455-BD54-83F2BD67516B}"
EndProject
Project("{FAE04EC0-301F-11D3-BF4B-00C04F79EFBC}") = "Inheritance", "Inheritance\Inheritance.csproj", "{B5EC8363-2361-4607-A363-21D3B9E18867}"
EndProject
Project("{FAE04EC0-301F-11D3-BF4B-00C04F79EFBC}") = "VirtualMethods", "VirtualMethods\VirtualMethods.csproj", "{3465E85F-9A54-4375-96C6-42B88AA42607}"
EndProject
Project("{FAE04EC0-301F-11D3-BF4B-00C04F79EFBC}") = "AbstractClasses", "AbstractClasses\AbstractClasses.csproj", "{6C6BBAA8-AB5E-472C-B4C9-D6F499B4498B}"
EndProject
Project("{FAE04EC0-301F-11D3-BF4B-00C04F79EFBC}") = "RecapDemo2", "RecapDemo2\RecapDemo2.csproj", "{2E3705AD-DA06-464E-BE07-25AC24F22F9C}"
EndProject
Project("{FAE04EC0-301F-11D3-BF4B-00C04F79EFBC}") = "AccessModifiers", "AccessModifiers\AccessModifiers.csproj", "{37CF4CE1-721A-4DF4-8CED-ED83DDED4601}"
EndProject
Project("{FAE04EC0-301F-11D3-BF4B-00C04F79EFBC}") = "AccessModifiersDemo", "AccessModifiersDemo\AccessModifiersDemo.csproj", "{8EEA4D30-7304-4721-BED4-0DCB845C3C23}"
EndProject
Project("{FAE04EC0-301F-11D3-BF4B-00C04F79EFBC}") = "Constructors", "Constructors\Constructors.csproj", "{CF0E423C-D4D5-4493-9E4F-CF9B6282CBB3}"
EndProject
Project("{FAE04EC0-301F-11D3-BF4B-00C04F79EFBC}") = "ReferenceAndValueType", "ReferenceAndValueType\ReferenceAndValueType.csproj", "{77D76125-4E5C-43AA-8E50-5C536CCEC526}"
EndProject
Project("{FAE04EC0-301F-11D3-BF4B-00C04F79EFBC}") = "Collections", "Collections\Collections.csproj", "{835DD7BB-54DA-4B08-9685-BBAA9F01819C}"
EndProject
Project("{FAE04EC0-301F-11D3-BF4B-00C04F79EFBC}") = "Collections2", "Collections2\Collections2.csproj", "{8CDA53B1-07E3-4B49-B754-A2791CA6ACF6}"
EndProject
Project("{FAE04EC0-301F-11D3-BF4B-00C04F79EFBC}") = "Collections3", "Collections3\Collections3.csproj", "{C535F880-A3E3-40A7-96AB-B3ACE26075C3}"
EndProject
Project("{FAE04EC0-301F-11D3-BF4B-00C04F79EFBC}") = "Exceptions", "Exceptions\Exceptions.csproj", "{0937AB84-9D9B-4C14-A691-D55AEFBECEF3}"
EndProject
Global
	GlobalSection(SolutionConfigurationPlatforms) = preSolution
		Debug|Any CPU = Debug|Any CPU
		Release|Any CPU = Release|Any CPU
	EndGlobalSection
	GlobalSection(ProjectConfigurationPlatforms) = postSolution
		{CA03EF48-461B-44C7-8B19-CF7C5AA3670A}.Debug|Any CPU.ActiveCfg = Debug|Any CPU
		{CA03EF48-461B-44C7-8B19-CF7C5AA3670A}.Debug|Any CPU.Build.0 = Debug|Any CPU
		{CA03EF48-461B-44C7-8B19-CF7C5AA3670A}.Release|Any CPU.ActiveCfg = Release|Any CPU
		{CA03EF48-461B-44C7-8B19-CF7C5AA3670A}.Release|Any CPU.Build.0 = Release|Any CPU
		{439BC8D1-4F9F-4521-9D5E-7F1F0CDE3D13}.Debug|Any CPU.ActiveCfg = Debug|Any CPU
		{439BC8D1-4F9F-4521-9D5E-7F1F0CDE3D13}.Debug|Any CPU.Build.0 = Debug|Any CPU
		{439BC8D1-4F9F-4521-9D5E-7F1F0CDE3D13}.Release|Any CPU.ActiveCfg = Release|Any CPU
		{439BC8D1-4F9F-4521-9D5E-7F1F0CDE3D13}.Release|Any CPU.Build.0 = Release|Any CPU
		{93F663EA-06F9-491A-8099-7480822FDD52}.Debug|Any CPU.ActiveCfg = Debug|Any CPU
		{93F663EA-06F9-491A-8099-7480822FDD52}.Debug|Any CPU.Build.0 = Debug|Any CPU
		{93F663EA-06F9-491A-8099-7480822FDD52}.Release|Any CPU.ActiveCfg = Release|Any CPU
		{93F663EA-06F9-491A-8099-7480822FDD52}.Release|Any CPU.Build.0 = Release|Any CPU
		{FBDBCAC6-A2F0-4481-88B5-B02A43D7B88F}.Debug|Any CPU.ActiveCfg = Debug|Any CPU
		{FBDBCAC6-A2F0-4481-88B5-B02A43D7B88F}.Debug|Any CPU.Build.0 = Debug|Any CPU
		{FBDBCAC6-A2F0-4481-88B5-B02A43D7B88F}.Release|Any CPU.ActiveCfg = Release|Any CPU
		{FBDBCAC6-A2F0-4481-88B5-B02A43D7B88F}.Release|Any CPU.Build.0 = Release|Any CPU
		{3A8904D8-8F42-487B-BD13-B739A9A67C3F}.Debug|Any CPU.ActiveCfg = Debug|Any CPU
		{3A8904D8-8F42-487B-BD13-B739A9A67C3F}.Debug|Any CPU.Build.0 = Debug|Any CPU
		{3A8904D8-8F42-487B-BD13-B739A9A67C3F}.Release|Any CPU.ActiveCfg = Release|Any CPU
		{3A8904D8-8F42-487B-BD13-B739A9A67C3F}.Release|Any CPU.Build.0 = Release|Any CPU
		{35528E89-749F-4254-ADD5-94067FFD28D4}.Debug|Any CPU.ActiveCfg = Debug|Any CPU
		{35528E89-749F-4254-ADD5-94067FFD28D4}.Debug|Any CPU.Build.0 = Debug|Any CPU
		{35528E89-749F-4254-ADD5-94067FFD28D4}.Release|Any CPU.ActiveCfg = Release|Any CPU
		{35528E89-749F-4254-ADD5-94067FFD28D4}.Release|Any CPU.Build.0 = Release|Any CPU
		{9AC600F5-966B-4F90-9E02-953AA400F17C}.Debug|Any CPU.ActiveCfg = Debug|Any CPU
		{9AC600F5-966B-4F90-9E02-953AA400F17C}.Debug|Any CPU.Build.0 = Debug|Any CPU
		{9AC600F5-966B-4F90-9E02-953AA400F17C}.Release|Any CPU.ActiveCfg = Release|Any CPU
		{9AC600F5-966B-4F90-9E02-953AA400F17C}.Release|Any CPU.Build.0 = Release|Any CPU
		{32E1B8FB-2DDB-48E6-8CEB-F681C494BC18}.Debug|Any CPU.ActiveCfg = Debug|Any CPU
		{32E1B8FB-2DDB-48E6-8CEB-F681C494BC18}.Debug|Any CPU.Build.0 = Debug|Any CPU
		{32E1B8FB-2DDB-48E6-8CEB-F681C494BC18}.Release|Any CPU.ActiveCfg = Release|Any CPU
		{32E1B8FB-2DDB-48E6-8CEB-F681C494BC18}.Release|Any CPU.Build.0 = Release|Any CPU
		{AFFF632D-E800-44CB-991F-B057D07DDE54}.Debug|Any CPU.ActiveCfg = Debug|Any CPU
		{AFFF632D-E800-44CB-991F-B057D07DDE54}.Debug|Any CPU.Build.0 = Debug|Any CPU
		{AFFF632D-E800-44CB-991F-B057D07DDE54}.Release|Any CPU.ActiveCfg = Release|Any CPU
		{AFFF632D-E800-44CB-991F-B057D07DDE54}.Release|Any CPU.Build.0 = Release|Any CPU
		{67C687AE-B2CA-4BF9-919E-CB6FB9CE7555}.Debug|Any CPU.ActiveCfg = Debug|Any CPU
		{67C687AE-B2CA-4BF9-919E-CB6FB9CE7555}.Debug|Any CPU.Build.0 = Debug|Any CPU
		{67C687AE-B2CA-4BF9-919E-CB6FB9CE7555}.Release|Any CPU.ActiveCfg = Release|Any CPU
		{67C687AE-B2CA-4BF9-919E-CB6FB9CE7555}.Release|Any CPU.Build.0 = Release|Any CPU
		{82F2B747-B7AB-4007-9ACD-BCE35082F210}.Debug|Any CPU.ActiveCfg = Debug|Any CPU
		{82F2B747-B7AB-4007-9ACD-BCE35082F210}.Debug|Any CPU.Build.0 = Debug|Any CPU
		{82F2B747-B7AB-4007-9ACD-BCE35082F210}.Release|Any CPU.ActiveCfg = Release|Any CPU
		{82F2B747-B7AB-4007-9ACD-BCE35082F210}.Release|Any CPU.Build.0 = Release|Any CPU
		{493587C8-775A-4AFE-8C8C-D648D534ADC8}.Debug|Any CPU.ActiveCfg = Debug|Any CPU
		{493587C8-775A-4AFE-8C8C-D648D534ADC8}.Debug|Any CPU.Build.0 = Debug|Any CPU
		{493587C8-775A-4AFE-8C8C-D648D534ADC8}.Release|Any CPU.ActiveCfg = Release|Any CPU
		{493587C8-775A-4AFE-8C8C-D648D534ADC8}.Release|Any CPU.Build.0 = Release|Any CPU
		{EF2B47D1-FF9F-4455-BD54-83F2BD67516B}.Debug|Any CPU.ActiveCfg = Debug|Any CPU
		{EF2B47D1-FF9F-4455-BD54-83F2BD67516B}.Debug|Any CPU.Build.0 = Debug|Any CPU
		{EF2B47D1-FF9F-4455-BD54-83F2BD67516B}.Release|Any CPU.ActiveCfg = Release|Any CPU
		{EF2B47D1-FF9F-4455-BD54-83F2BD67516B}.Release|Any CPU.Build.0 = Release|Any CPU
		{B5EC8363-2361-4607-A363-21D3B9E18867}.Debug|Any CPU.ActiveCfg = Debug|Any CPU
		{B5EC8363-2361-4607-A363-21D3B9E18867}.Debug|Any CPU.Build.0 = Debug|Any CPU
		{B5EC8363-2361-4607-A363-21D3B9E18867}.Release|Any CPU.ActiveCfg = Release|Any CPU
		{B5EC8363-2361-4607-A363-21D3B9E18867}.Release|Any CPU.Build.0 = Release|Any CPU
		{3465E85F-9A54-4375-96C6-42B88AA42607}.Debug|Any CPU.ActiveCfg = Debug|Any CPU
		{3465E85F-9A54-4375-96C6-42B88AA42607}.Debug|Any CPU.Build.0 = Debug|Any CPU
		{3465E85F-9A54-4375-96C6-42B88AA42607}.Release|Any CPU.ActiveCfg = Release|Any CPU
		{3465E85F-9A54-4375-96C6-42B88AA42607}.Release|Any CPU.Build.0 = Release|Any CPU
		{6C6BBAA8-AB5E-472C-B4C9-D6F499B4498B}.Debug|Any CPU.ActiveCfg = Debug|Any CPU
		{6C6BBAA8-AB5E-472C-B4C9-D6F499B4498B}.Debug|Any CPU.Build.0 = Debug|Any CPU
		{6C6BBAA8-AB5E-472C-B4C9-D6F499B4498B}.Release|Any CPU.ActiveCfg = Release|Any CPU
		{6C6BBAA8-AB5E-472C-B4C9-D6F499B4498B}.Release|Any CPU.Build.0 = Release|Any CPU
		{2E3705AD-DA06-464E-BE07-25AC24F22F9C}.Debug|Any CPU.ActiveCfg = Debug|Any CPU
		{2E3705AD-DA06-464E-BE07-25AC24F22F9C}.Debug|Any CPU.Build.0 = Debug|Any CPU
		{2E3705AD-DA06-464E-BE07-25AC24F22F9C}.Release|Any CPU.ActiveCfg = Release|Any CPU
		{2E3705AD-DA06-464E-BE07-25AC24F22F9C}.Release|Any CPU.Build.0 = Release|Any CPU
		{37CF4CE1-721A-4DF4-8CED-ED83DDED4601}.Debug|Any CPU.ActiveCfg = Debug|Any CPU
		{37CF4CE1-721A-4DF4-8CED-ED83DDED4601}.Debug|Any CPU.Build.0 = Debug|Any CPU
		{37CF4CE1-721A-4DF4-8CED-ED83DDED4601}.Release|Any CPU.ActiveCfg = Release|Any CPU
		{37CF4CE1-721A-4DF4-8CED-ED83DDED4601}.Release|Any CPU.Build.0 = Release|Any CPU
		{8EEA4D30-7304-4721-BED4-0DCB845C3C23}.Debug|Any CPU.ActiveCfg = Debug|Any CPU
		{8EEA4D30-7304-4721-BED4-0DCB845C3C23}.Debug|Any CPU.Build.0 = Debug|Any CPU
		{8EEA4D30-7304-4721-BED4-0DCB845C3C23}.Release|Any CPU.ActiveCfg = Release|Any CPU
		{8EEA4D30-7304-4721-BED4-0DCB845C3C23}.Release|Any CPU.Build.0 = Release|Any CPU
		{CF0E423C-D4D5-4493-9E4F-CF9B6282CBB3}.Debug|Any CPU.ActiveCfg = Debug|Any CPU
		{CF0E423C-D4D5-4493-9E4F-CF9B6282CBB3}.Debug|Any CPU.Build.0 = Debug|Any CPU
		{CF0E423C-D4D5-4493-9E4F-CF9B6282CBB3}.Release|Any CPU.ActiveCfg = Release|Any CPU
		{CF0E423C-D4D5-4493-9E4F-CF9B6282CBB3}.Release|Any CPU.Build.0 = Release|Any CPU
		{77D76125-4E5C-43AA-8E50-5C536CCEC526}.Debug|Any CPU.ActiveCfg = Debug|Any CPU
		{77D76125-4E5C-43AA-8E50-5C536CCEC526}.Debug|Any CPU.Build.0 = Debug|Any CPU
		{77D76125-4E5C-43AA-8E50-5C536CCEC526}.Release|Any CPU.ActiveCfg = Release|Any CPU
		{77D76125-4E5C-43AA-8E50-5C536CCEC526}.Release|Any CPU.Build.0 = Release|Any CPU
		{835DD7BB-54DA-4B08-9685-BBAA9F01819C}.Debug|Any CPU.ActiveCfg = Debug|Any CPU
		{835DD7BB-54DA-4B08-9685-BBAA9F01819C}.Debug|Any CPU.Build.0 = Debug|Any CPU
		{835DD7BB-54DA-4B08-9685-BBAA9F01819C}.Release|Any CPU.ActiveCfg = Release|Any CPU
		{835DD7BB-54DA-4B08-9685-BBAA9F01819C}.Release|Any CPU.Build.0 = Release|Any CPU
		{8CDA53B1-07E3-4B49-B754-A2791CA6ACF6}.Debug|Any CPU.ActiveCfg = Debug|Any CPU
		{8CDA53B1-07E3-4B49-B754-A2791CA6ACF6}.Debug|Any CPU.Build.0 = Debug|Any CPU
		{8CDA53B1-07E3-4B49-B754-A2791CA6ACF6}.Release|Any CPU.ActiveCfg = Release|Any CPU
		{8CDA53B1-07E3-4B49-B754-A2791CA6ACF6}.Release|Any CPU.Build.0 = Release|Any CPU
		{C535F880-A3E3-40A7-96AB-B3ACE26075C3}.Debug|Any CPU.ActiveCfg = Debug|Any CPU
		{C535F880-A3E3-40A7-96AB-B3ACE26075C3}.Debug|Any CPU.Build.0 = Debug|Any CPU
		{C535F880-A3E3-40A7-96AB-B3ACE26075C3}.Release|Any CPU.ActiveCfg = Release|Any CPU
		{C535F880-A3E3-40A7-96AB-B3ACE26075C3}.Release|Any CPU.Build.0 = Release|Any CPU
		{0937AB84-9D9B-4C14-A691-D55AEFBECEF3}.Debug|Any CPU.ActiveCfg = Debug|Any CPU
		{0937AB84-9D9B-4C14-A691-D55AEFBECEF3}.Debug|Any CPU.Build.0 = Debug|Any CPU
		{0937AB84-9D9B-4C14-A691-D55AEFBECEF3}.Release|Any CPU.ActiveCfg = Release|Any CPU
		{0937AB84-9D9B-4C14-A691-D55AEFBECEF3}.Release|Any CPU.Build.0 = Release|Any CPU
	EndGlobalSection
	GlobalSection(SolutionProperties) = preSolution
		HideSolutionNode = FALSE
	EndGlobalSection
	GlobalSection(ExtensibilityGlobals) = postSolution
		SolutionGuid = {02DD7178-5C9E-4C82-98A6-CE59077D6CBD}
	EndGlobalSection
EndGlobal
